// !$*UTF8*$!
{
	archiveVersion = 1;
	classes = {
	};
	objectVersion = 46;
	objects = {

/* Begin PBXBuildFile section */
		197279311EE12BB500F2DB29 /* AppDelegate.swift in Sources */ = {isa = PBXBuildFile; fileRef = 197279301EE12BB500F2DB29 /* AppDelegate.swift */; };
		197279331EE12BB500F2DB29 /* ViewController.swift in Sources */ = {isa = PBXBuildFile; fileRef = 197279321EE12BB500F2DB29 /* ViewController.swift */; };
		197279361EE12BB500F2DB29 /* Main.storyboard in Resources */ = {isa = PBXBuildFile; fileRef = 197279341EE12BB500F2DB29 /* Main.storyboard */; };
		197279391EE12BB500F2DB29 /* Trip_Gallery.xcdatamodeld in Sources */ = {isa = PBXBuildFile; fileRef = 197279371EE12BB500F2DB29 /* Trip_Gallery.xcdatamodeld */; };
		1972793B1EE12BB500F2DB29 /* Assets.xcassets in Resources */ = {isa = PBXBuildFile; fileRef = 1972793A1EE12BB500F2DB29 /* Assets.xcassets */; };
		1972793E1EE12BB500F2DB29 /* LaunchScreen.storyboard in Resources */ = {isa = PBXBuildFile; fileRef = 1972793C1EE12BB500F2DB29 /* LaunchScreen.storyboard */; };
/* End PBXBuildFile section */

/* Begin PBXFileReference section */
		1972792D1EE12BB500F2DB29 /* Trip Gallery.app */ = {isa = PBXFileReference; explicitFileType = wrapper.application; includeInIndex = 0; path = "Trip Gallery.app"; sourceTree = BUILT_PRODUCTS_DIR; };
		197279301EE12BB500F2DB29 /* AppDelegate.swift */ = {isa = PBXFileReference; lastKnownFileType = sourcecode.swift; path = AppDelegate.swift; sourceTree = "<group>"; };
		197279321EE12BB500F2DB29 /* ViewController.swift */ = {isa = PBXFileReference; lastKnownFileType = sourcecode.swift; path = ViewController.swift; sourceTree = "<group>"; };
		197279351EE12BB500F2DB29 /* Base */ = {isa = PBXFileReference; lastKnownFileType = file.storyboard; name = Base; path = Base.lproj/Main.storyboard; sourceTree = "<group>"; };
		197279381EE12BB500F2DB29 /* Trip_Gallery.xcdatamodel */ = {isa = PBXFileReference; lastKnownFileType = wrapper.xcdatamodel; path = Trip_Gallery.xcdatamodel; sourceTree = "<group>"; };
		1972793A1EE12BB500F2DB29 /* Assets.xcassets */ = {isa = PBXFileReference; lastKnownFileType = folder.assetcatalog; path = Assets.xcassets; sourceTree = "<group>"; };
		1972793D1EE12BB500F2DB29 /* Base */ = {isa = PBXFileReference; lastKnownFileType = file.storyboard; name = Base; path = Base.lproj/LaunchScreen.storyboard; sourceTree = "<group>"; };
		1972793F1EE12BB500F2DB29 /* Info.plist */ = {isa = PBXFileReference; lastKnownFileType = text.plist.xml; path = Info.plist; sourceTree = "<group>"; };
/* End PBXFileReference section */

/* Begin PBXFrameworksBuildPhase section */
		1972792A1EE12BB500F2DB29 /* Frameworks */ = {
			isa = PBXFrameworksBuildPhase;
			buildActionMask = 2147483647;
			files = (
			);
			runOnlyForDeploymentPostprocessing = 0;
		};
/* End PBXFrameworksBuildPhase section */

/* Begin PBXGroup section */
		197279241EE12BB500F2DB29 = {
			isa = PBXGroup;
			children = (
				1972792F1EE12BB500F2DB29 /* Trip Gallery */,
				1972792E1EE12BB500F2DB29 /* Products */,
			);
			sourceTree = "<group>";
		};
		1972792E1EE12BB500F2DB29 /* Products */ = {
			isa = PBXGroup;
			children = (
				1972792D1EE12BB500F2DB29 /* Trip Gallery.app */,
			);
			name = Products;
			sourceTree = "<group>";
		};
		1972792F1EE12BB500F2DB29 /* Trip Gallery */ = {
			isa = PBXGroup;
			children = (
				197279301EE12BB500F2DB29 /* AppDelegate.swift */,
				197279321EE12BB500F2DB29 /* ViewController.swift */,
				197279341EE12BB500F2DB29 /* Main.storyboard */,
				1972793A1EE12BB500F2DB29 /* Assets.xcassets */,
				1972793C1EE12BB500F2DB29 /* LaunchScreen.storyboard */,
				1972793F1EE12BB500F2DB29 /* Info.plist */,
				197279371EE12BB500F2DB29 /* Trip_Gallery.xcdatamodeld */,
			);
			path = "Trip Gallery";
			sourceTree = "<group>";
		};
/* End PBXGroup section */

/* Begin PBXNativeTarget section */
		1972792C1EE12BB500F2DB29 /* Trip Gallery */ = {
			isa = PBXNativeTarget;
			buildConfigurationList = 197279421EE12BB500F2DB29 /* Build configuration list for PBXNativeTarget "Trip Gallery" */;
			buildPhases = (
				197279291EE12BB500F2DB29 /* Sources */,
				1972792A1EE12BB500F2DB29 /* Frameworks */,
				1972792B1EE12BB500F2DB29 /* Resources */,
			);
			buildRules = (
			);
			dependencies = (
			);
			name = "Trip Gallery";
			productName = "Trip Gallery";
			productReference = 1972792D1EE12BB500F2DB29 /* Trip Gallery.app */;
			productType = "com.apple.product-type.application";
		};
/* End PBXNativeTarget section */

/* Begin PBXProject section */
		197279251EE12BB500F2DB29 /* Project object */ = {
			isa = PBXProject;
			attributes = {
				LastSwiftUpdateCheck = 0830;
				LastUpgradeCheck = 0830;
				ORGANIZATIONNAME = "pawan kumar siwakoti";
				TargetAttributes = {
					1972792C1EE12BB500F2DB29 = {
						CreatedOnToolsVersion = 8.3.2;
						DevelopmentTeam = 24SM6522LU;
						ProvisioningStyle = Automatic;
					};
				};
			};
			buildConfigurationList = 197279281EE12BB500F2DB29 /* Build configuration list for PBXProject "Trip Gallery" */;
			compatibilityVersion = "Xcode 3.2";
			developmentRegion = English;
			hasScannedForEncodings = 0;
			knownRegions = (
				en,
				Base,
			);
			mainGroup = 197279241EE12BB500F2DB29;
			productRefGroup = 1972792E1EE12BB500F2DB29 /* Products */;
			projectDirPath = "";
			projectRoot = "";
			targets = (
				1972792C1EE12BB500F2DB29 /* Trip Gallery */,
			);
		};
/* End PBXProject section */

/* Begin PBXResourcesBuildPhase section */
		1972792B1EE12BB500F2DB29 /* Resources */ = {
			isa = PBXResourcesBuildPhase;
			buildActionMask = 2147483647;
			files = (
				1972793E1EE12BB500F2DB29 /* LaunchScreen.storyboard in Resources */,
				1972793B1EE12BB500F2DB29 /* Assets.xcassets in Resources */,
				197279361EE12BB500F2DB29 /* Main.storyboard in Resources */,
			);
			runOnlyForDeploymentPostprocessing = 0;
		};
/* End PBXResourcesBuildPhase section */

/* Begin PBXSourcesBuildPhase section */
		197279291EE12BB500F2DB29 /* Sources */ = {
			isa = PBXSourcesBuildPhase;
			buildActionMask = 2147483647;
			files = (
				197279391EE12BB500F2DB29 /* Trip_Gallery.xcdatamodeld in Sources */,
				197279331EE12BB500F2DB29 /* ViewController.swift in Sources */,
				197279311EE12BB500F2DB29 /* AppDelegate.swift in Sources */,
			);
			runOnlyForDeploymentPostprocessing = 0;
		};
/* End PBXSourcesBuildPhase section */

/* Begin PBXVariantGroup section */
		197279341EE12BB500F2DB29 /* Main.storyboard */ = {
			isa = PBXVariantGroup;
			children = (
				197279351EE12BB500F2DB29 /* Base */,
			);
			name = Main.storyboard;
			sourceTree = "<group>";
		};
		1972793C1EE12BB500F2DB29 /* LaunchScreen.storyboard */ = {
			isa = PBXVariantGroup;
			children = (
				1972793D1EE12BB500F2DB29 /* Base */,
			);
			name = LaunchScreen.storyboard;
			sourceTree = "<group>";
		};
/* End PBXVariantGroup section */

/* Begin XCBuildConfiguration section */
		197279401EE12BB500F2DB29 /* Debug */ = {
			isa = XCBuildConfiguration;
			buildSettings = {
				ALWAYS_SEARCH_USER_PATHS = NO;
				CLANG_ANALYZER_NONNULL = YES;
				CLANG_ANALYZER_NUMBER_OBJECT_CONVERSION = YES_AGGRESSIVE;
				CLANG_CXX_LANGUAGE_STANDARD = "gnu++0x";
				CLANG_CXX_LIBRARY = "libc++";
				CLANG_ENABLE_MODULES = YES;
				CLANG_ENABLE_OBJC_ARC = YES;
				CLANG_WARN_BOOL_CONVERSION = YES;
				CLANG_WARN_CONSTANT_CONVERSION = YES;
				CLANG_WARN_DIRECT_OBJC_ISA_USAGE = YES_ERROR;
				CLANG_WARN_DOCUMENTATION_COMMENTS = YES;
				CLANG_WARN_EMPTY_BODY = YES;
				CLANG_WARN_ENUM_CONVERSION = YES;
				CLANG_WARN_INFINITE_RECURSION = YES;
				CLANG_WARN_INT_CONVERSION = YES;
				CLANG_WARN_OBJC_ROOT_CLASS = YES_ERROR;
				CLANG_WARN_SUSPICIOUS_MOVE = YES;
				CLANG_WARN_UNREACHABLE_CODE = YES;
				CLANG_WARN__DUPLICATE_METHOD_MATCH = YES;
				"CODE_SIGN_IDENTITY[sdk=iphoneos*]" = "iPhone Developer";
				COPY_PHASE_STRIP = NO;
				DEBUG_INFORMATION_FORMAT = dwarf;
				ENABLE_STRICT_OBJC_MSGSEND = YES;
				ENABLE_TESTABILITY = YES;
				GCC_C_LANGUAGE_STANDARD = gnu99;
				GCC_DYNAMIC_NO_PIC = NO;
				GCC_NO_COMMON_BLOCKS = YES;
				GCC_OPTIMIZATION_LEVEL = 0;
				GCC_PREPROCESSOR_DEFINITIONS = (
					"DEBUG=1",
					"$(inherited)",
				);
				GCC_WARN_64_TO_32_BIT_CONVERSION = YES;
				GCC_WARN_ABOUT_RETURN_TYPE = YES_ERROR;
				GCC_WARN_UNDECLARED_SELECTOR = YES;
				GCC_WARN_UNINITIALIZED_AUTOS = YES_AGGRESSIVE;
				GCC_WARN_UNUSED_FUNCTION = YES;
				GCC_WARN_UNUSED_VARIABLE = YES;
				IPHONEOS_DEPLOYMENT_TARGET = 10.3;
				MTL_ENABLE_DEBUG_INFO = YES;
				ONLY_ACTIVE_ARCH = YES;
				SDKROOT = iphoneos;
				SWIFT_ACTIVE_COMPILATION_CONDITIONS = DEBUG;
				SWIFT_OPTIMIZATION_LEVEL = "-Onone";
				TARGETED_DEVICE_FAMILY = "1,2";
			};
			name = Debug;
		};
		197279411EE12BB500F2DB29 /* Release */ = {
			isa = XCBuildConfiguration;
			buildSettings = {
				ALWAYS_SEARCH_USER_PATHS = NO;
				CLANG_ANALYZER_NONNULL = YES;
				CLANG_ANALYZER_NUMBER_OBJECT_CONVERSION = YES_AGGRESSIVE;
				CLANG_CXX_LANGUAGE_STANDARD = "gnu++0x";
				CLANG_CXX_LIBRARY = "libc++";
				CLANG_ENABLE_MODULES = YES;
				CLANG_ENABLE_OBJC_ARC = YES;
				CLANG_WARN_BOOL_CONVERSION = YES;
				CLANG_WARN_CONSTANT_CONVERSION = YES;
				CLANG_WARN_DIRECT_OBJC_ISA_USAGE = YES_ERROR;
				CLANG_WARN_DOCUMENTATION_COMMENTS = YES;
				CLANG_WARN_EMPTY_BODY = YES;
				CLANG_WARN_ENUM_CONVERSION = YES;
				CLANG_WARN_INFINITE_RECURSION = YES;
				CLANG_WARN_INT_CONVERSION = YES;
				CLANG_WARN_OBJC_ROOT_CLASS = YES_ERROR;
				CLANG_WARN_SUSPICIOUS_MOVE = YES;
				CLANG_WARN_UNREACHABLE_CODE = YES;
				CLANG_WARN__DUPLICATE_METHOD_MATCH = YES;
				"CODE_SIGN_IDENTITY[sdk=iphoneos*]" = "iPhone Developer";
				COPY_PHASE_STRIP = NO;
				DEBUG_INFORMATION_FORMAT = "dwarf-with-dsym";
				ENABLE_NS_ASSERTIONS = NO;
				ENABLE_STRICT_OBJC_MSGSEND = YES;
				GCC_C_LANGUAGE_STANDARD = gnu99;
				GCC_NO_COMMON_BLOCKS = YES;
				GCC_WARN_64_TO_32_BIT_CONVERSION = YES;
				GCC_WARN_ABOUT_RETURN_TYPE = YES_ERROR;
				GCC_WARN_UNDECLARED_SELECTOR = YES;
				GCC_WARN_UNINITIALIZED_AUTOS = YES_AGGRESSIVE;
				GCC_WARN_UNUSED_FUNCTION = YES;
				GCC_WARN_UNUSED_VARIABLE = YES;
				IPHONEOS_DEPLOYMENT_TARGET = 10.3;
				MTL_ENABLE_DEBUG_INFO = NO;
				SDKROOT = iphoneos;
				SWIFT_OPTIMIZATION_LEVEL = "-Owholemodule";
				TARGETED_DEVICE_FAMILY = "1,2";
				VALIDATE_PRODUCT = YES;
			};
			name = Release;
		};
		197279431EE12BB500F2DB29 /* Debug */ = {
			isa = XCBuildConfiguration;
			buildSettings = {
				ASSETCATALOG_COMPILER_APPICON_NAME = AppIcon;
				DEVELOPMENT_TEAM = 24SM6522LU;
				INFOPLIST_FILE = "Trip Gallery/Info.plist";
				LD_RUNPATH_SEARCH_PATHS = "$(inherited) @executable_path/Frameworks";
				PRODUCT_BUNDLE_IDENTIFIER = "deakin.Trip-Gallery";
				PRODUCT_NAME = "$(TARGET_NAME)";
				SWIFT_VERSION = 3.0;
			};
			name = Debug;
		};
		197279441EE12BB500F2DB29 /* Release */ = {
			isa = XCBuildConfiguration;
			buildSettings = {
				ASSETCATALOG_COMPILER_APPICON_NAME = AppIcon;
				DEVELOPMENT_TEAM = 24SM6522LU;
				INFOPLIST_FILE = "Trip Gallery/Info.plist";
				LD_RUNPATH_SEARCH_PATHS = "$(inherited) @executable_path/Frameworks";
				PRODUCT_BUNDLE_IDENTIFIER = "deakin.Trip-Gallery";
				PRODUCT_NAME = "$(TARGET_NAME)";
				SWIFT_VERSION = 3.0;
			};
			name = Release;
		};
/* End XCBuildConfiguration section */

/* Begin XCConfigurationList section */
		197279281EE12BB500F2DB29 /* Build configuration list for PBXProject "Trip Gallery" */ = {
			isa = XCConfigurationList;
			buildConfigurations = (
				197279401EE12BB500F2DB29 /* Debug */,
				197279411EE12BB500F2DB29 /* Release */,
			);
			defaultConfigurationIsVisible = 0;
			defaultConfigurationName = Release;
		};
		197279421EE12BB500F2DB29 /* Build configuration list for PBXNativeTarget "Trip Gallery" */ = {
			isa = XCConfigurationList;
			buildConfigurations = (
				197279431EE12BB500F2DB29 /* Debug */,
				197279441EE12BB500F2DB29 /* Release */,
			);
			defaultConfigurationIsVisible = 0;
		};
/* End XCConfigurationList section */

/* Begin XCVersionGroup section */
		197279371EE12BB500F2DB29 /* Trip_Gallery.xcdatamodeld */ = {
			isa = XCVersionGroup;
			children = (
				197279381EE12BB500F2DB29 /* Trip_Gallery.xcdatamodel */,
			);
			currentVersion = 197279381EE12BB500F2DB29 /* Trip_Gallery.xcdatamodel */;
			path = Trip_Gallery.xcdatamodeld;
			sourceTree = "<group>";
			versionGroupType = wrapper.xcdatamodel;
		};
/* End XCVersionGroup section */
	};
	rootObject = 197279251EE12BB500F2DB29 /* Project object */;
}
